
Microsoft Visual Studio Solution File, Format Version 12.00
# Visual Studio Version 16
VisualStudioVersion = 16.0.29326.143
MinimumVisualStudioVersion = 10.0.40219.1
Project("{9A19103F-16F7-4668-BE54-9A1E7A4F7556}") = "Bank.Domain.Data", "Bank.Domain.Data\Bank.Domain.Data.csproj", "{77619435-7A34-454A-A9B1-E5DAC08E1B3E}"
EndProject
Project("{9A19103F-16F7-4668-BE54-9A1E7A4F7556}") = "Bank.Domain", "Bank.Domain\Bank.Domain.csproj", "{175E8BE9-C5B2-4332-80CF-F0587CBD6BB4}"
EndProject
Project("{9A19103F-16F7-4668-BE54-9A1E7A4F7556}") = "Bank.UnitTests", "Bank.UnitTests\Bank.UnitTests.csproj", "{60740E90-5BF5-4C69-8FC3-8DD3452E8099}"
EndProject
Global
	GlobalSection(SolutionConfigurationPlatforms) = preSolution
		Debug|Any CPU = Debug|Any CPU
		Release|Any CPU = Release|Any CPU
	EndGlobalSection
	GlobalSection(ProjectConfigurationPlatforms) = postSolution
		{77619435-7A34-454A-A9B1-E5DAC08E1B3E}.Debug|Any CPU.ActiveCfg = Debug|Any CPU
		{77619435-7A34-454A-A9B1-E5DAC08E1B3E}.Debug|Any CPU.Build.0 = Debug|Any CPU
		{77619435-7A34-454A-A9B1-E5DAC08E1B3E}.Release|Any CPU.ActiveCfg = Release|Any CPU
		{77619435-7A34-454A-A9B1-E5DAC08E1B3E}.Release|Any CPU.Build.0 = Release|Any CPU
		{175E8BE9-C5B2-4332-80CF-F0587CBD6BB4}.Debug|Any CPU.ActiveCfg = Debug|Any CPU
		{175E8BE9-C5B2-4332-80CF-F0587CBD6BB4}.Debug|Any CPU.Build.0 = Debug|Any CPU
		{175E8BE9-C5B2-4332-80CF-F0587CBD6BB4}.Release|Any CPU.ActiveCfg = Release|Any CPU
		{175E8BE9-C5B2-4332-80CF-F0587CBD6BB4}.Release|Any CPU.Build.0 = Release|Any CPU
		{60740E90-5BF5-4C69-8FC3-8DD3452E8099}.Debug|Any CPU.ActiveCfg = Debug|Any CPU
		{60740E90-5BF5-4C69-8FC3-8DD3452E8099}.Debug|Any CPU.Build.0 = Debug|Any CPU
		{60740E90-5BF5-4C69-8FC3-8DD3452E8099}.Release|Any CPU.ActiveCfg = Release|Any CPU
		{60740E90-5BF5-4C69-8FC3-8DD3452E8099}.Release|Any CPU.Build.0 = Release|Any CPU
	EndGlobalSection
	GlobalSection(SolutionProperties) = preSolution
		HideSolutionNode = FALSE
	EndGlobalSection
	GlobalSection(ExtensibilityGlobals) = postSolution
		SolutionGuid = {2A0FE789-07F4-4F1E-902D-39A2B0629B70}
	EndGlobalSection
EndGlobal
